
Microsoft Visual Studio Solution File, Format Version 12.00
# Visual Studio Version 17
VisualStudioVersion = 17.8.34601.278
MinimumVisualStudioVersion = 10.0.40219.1
Project("{FAE04EC0-301F-11D3-BF4B-00C04F79EFBC}") = "FolderUpdater", "FolderUpdater.csproj", "{C2F6F6F1-BD03-40E7-BAFD-B8455299C90B}"
EndProject
Global
	GlobalSection(SolutionConfigurationPlatforms) = preSolution
		Debug|Any CPU = Debug|Any CPU
		Release|Any CPU = Release|Any CPU
	EndGlobalSection
	GlobalSection(ProjectConfigurationPlatforms) = postSolution
		{C2F6F6F1-BD03-40E7-BAFD-B8455299C90B}.Debug|Any CPU.ActiveCfg = Debug|Any CPU
		{C2F6F6F1-BD03-40E7-BAFD-B8455299C90B}.Debug|Any CPU.Build.0 = Debug|Any CPU
		{C2F6F6F1-BD03-40E7-BAFD-B8455299C90B}.Release|Any CPU.ActiveCfg = Release|Any CPU
		{C2F6F6F1-BD03-40E7-BAFD-B8455299C90B}.Release|Any CPU.Build.0 = Release|Any CPU
	EndGlobalSection
	GlobalSection(SolutionProperties) = preSolution
		HideSolutionNode = FALSE
	EndGlobalSection
	GlobalSection(ExtensibilityGlobals) = postSolution
		SolutionGuid = {5D44E230-6C92-4B71-B859-5913AE2B5CB5}
	EndGlobalSection
EndGlobal
